// !$*UTF8*$!
{
	archiveVersion = 1;
	classes = {
	};
	objectVersion = 46;
	objects = {

/* Begin PBXBuildFile section */
		D24EDE191765EE7A00E6C69E /* UIKit.framework in Frameworks */ = {isa = PBXBuildFile; fileRef = D24EDE181765EE7A00E6C69E /* UIKit.framework */; };
		D24EDE1B1765EE7A00E6C69E /* Foundation.framework in Frameworks */ = {isa = PBXBuildFile; fileRef = D24EDE1A1765EE7A00E6C69E /* Foundation.framework */; };
		D24EDE1D1765EE7A00E6C69E /* CoreGraphics.framework in Frameworks */ = {isa = PBXBuildFile; fileRef = D24EDE1C1765EE7A00E6C69E /* CoreGraphics.framework */; };
		D24EDE231765EE7A00E6C69E /* InfoPlist.strings in Resources */ = {isa = PBXBuildFile; fileRef = D24EDE211765EE7A00E6C69E /* InfoPlist.strings */; };
		D24EDE251765EE7A00E6C69E /* main.m in Sources */ = {isa = PBXBuildFile; fileRef = D24EDE241765EE7A00E6C69E /* main.m */; };
		D24EDE291765EE7A00E6C69E /* AppDelegate.m in Sources */ = {isa = PBXBuildFile; fileRef = D24EDE281765EE7A00E6C69E /* AppDelegate.m */; };
		D24EDE2B1765EE7A00E6C69E /* Default.png in Resources */ = {isa = PBXBuildFile; fileRef = D24EDE2A1765EE7A00E6C69E /* Default.png */; };
		D24EDE2D1765EE7A00E6C69E /* Default@2x.png in Resources */ = {isa = PBXBuildFile; fileRef = D24EDE2C1765EE7A00E6C69E /* Default@2x.png */; };
		D24EDE2F1765EE7A00E6C69E /* Default-568h@2x.png in Resources */ = {isa = PBXBuildFile; fileRef = D24EDE2E1765EE7A00E6C69E /* Default-568h@2x.png */; };
		D24EDE321765EE7A00E6C69E /* MainStoryboard.storyboard in Resources */ = {isa = PBXBuildFile; fileRef = D24EDE301765EE7A00E6C69E /* MainStoryboard.storyboard */; };
		D24EDE351765EE7A00E6C69E /* ViewController.m in Sources */ = {isa = PBXBuildFile; fileRef = D24EDE341765EE7A00E6C69E /* ViewController.m */; };
/* End PBXBuildFile section */

/* Begin PBXFileReference section */
		D24EDE151765EE7A00E6C69E /* GitUseExample.app */ = {isa = PBXFileReference; explicitFileType = wrapper.application; includeInIndex = 0; path = GitUseExample.app; sourceTree = BUILT_PRODUCTS_DIR; };
		D24EDE181765EE7A00E6C69E /* UIKit.framework */ = {isa = PBXFileReference; lastKnownFileType = wrapper.framework; name = UIKit.framework; path = System/Library/Frameworks/UIKit.framework; sourceTree = SDKROOT; };
		D24EDE1A1765EE7A00E6C69E /* Foundation.framework */ = {isa = PBXFileReference; lastKnownFileType = wrapper.framework; name = Foundation.framework; path = System/Library/Frameworks/Foundation.framework; sourceTree = SDKROOT; };
		D24EDE1C1765EE7A00E6C69E /* CoreGraphics.framework */ = {isa = PBXFileReference; lastKnownFileType = wrapper.framework; name = CoreGraphics.framework; path = System/Library/Frameworks/CoreGraphics.framework; sourceTree = SDKROOT; };
		D24EDE201765EE7A00E6C69E /* GitUseExample-Info.plist */ = {isa = PBXFileReference; lastKnownFileType = text.plist.xml; path = "GitUseExample-Info.plist"; sourceTree = "<group>"; };
		D24EDE221765EE7A00E6C69E /* en */ = {isa = PBXFileReference; lastKnownFileType = text.plist.strings; name = en; path = en.lproj/InfoPlist.strings; sourceTree = "<group>"; };
		D24EDE241765EE7A00E6C69E /* main.m */ = {isa = PBXFileReference; lastKnownFileType = sourcecode.c.objc; path = main.m; sourceTree = "<group>"; };
		D24EDE261765EE7A00E6C69E /* GitUseExample-Prefix.pch */ = {isa = PBXFileReference; lastKnownFileType = sourcecode.c.h; path = "GitUseExample-Prefix.pch"; sourceTree = "<group>"; };
		D24EDE271765EE7A00E6C69E /* AppDelegate.h */ = {isa = PBXFileReference; lastKnownFileType = sourcecode.c.h; path = AppDelegate.h; sourceTree = "<group>"; };
		D24EDE281765EE7A00E6C69E /* AppDelegate.m */ = {isa = PBXFileReference; lastKnownFileType = sourcecode.c.objc; path = AppDelegate.m; sourceTree = "<group>"; };
		D24EDE2A1765EE7A00E6C69E /* Default.png */ = {isa = PBXFileReference; lastKnownFileType = image.png; path = Default.png; sourceTree = "<group>"; };
		D24EDE2C1765EE7A00E6C69E /* Default@2x.png */ = {isa = PBXFileReference; lastKnownFileType = image.png; path = "Default@2x.png"; sourceTree = "<group>"; };
		D24EDE2E1765EE7A00E6C69E /* Default-568h@2x.png */ = {isa = PBXFileReference; lastKnownFileType = image.png; path = "Default-568h@2x.png"; sourceTree = "<group>"; };
		D24EDE311765EE7A00E6C69E /* en */ = {isa = PBXFileReference; lastKnownFileType = file.storyboard; name = en; path = en.lproj/MainStoryboard.storyboard; sourceTree = "<group>"; };
		D24EDE331765EE7A00E6C69E /* ViewController.h */ = {isa = PBXFileReference; lastKnownFileType = sourcecode.c.h; path = ViewController.h; sourceTree = "<group>"; };
		D24EDE341765EE7A00E6C69E /* ViewController.m */ = {isa = PBXFileReference; lastKnownFileType = sourcecode.c.objc; path = ViewController.m; sourceTree = "<group>"; };
/* End PBXFileReference section */

/* Begin PBXFrameworksBuildPhase section */
		D24EDE121765EE7A00E6C69E /* Frameworks */ = {
			isa = PBXFrameworksBuildPhase;
			buildActionMask = 2147483647;
			files = (
				D24EDE191765EE7A00E6C69E /* UIKit.framework in Frameworks */,
				D24EDE1B1765EE7A00E6C69E /* Foundation.framework in Frameworks */,
				D24EDE1D1765EE7A00E6C69E /* CoreGraphics.framework in Frameworks */,
			);
			runOnlyForDeploymentPostprocessing = 0;
		};
/* End PBXFrameworksBuildPhase section */

/* Begin PBXGroup section */
		D24EDE0C1765EE7900E6C69E = {
			isa = PBXGroup;
			children = (
				D24EDE1E1765EE7A00E6C69E /* GitUseExample */,
				D24EDE171765EE7A00E6C69E /* Frameworks */,
				D24EDE161765EE7A00E6C69E /* Products */,
			);
			sourceTree = "<group>";
		};
		D24EDE161765EE7A00E6C69E /* Products */ = {
			isa = PBXGroup;
			children = (
				D24EDE151765EE7A00E6C69E /* GitUseExample.app */,
			);
			name = Products;
			sourceTree = "<group>";
		};
		D24EDE171765EE7A00E6C69E /* Frameworks */ = {
			isa = PBXGroup;
			children = (
				D24EDE181765EE7A00E6C69E /* UIKit.framework */,
				D24EDE1A1765EE7A00E6C69E /* Foundation.framework */,
				D24EDE1C1765EE7A00E6C69E /* CoreGraphics.framework */,
			);
			name = Frameworks;
			sourceTree = "<group>";
		};
		D24EDE1E1765EE7A00E6C69E /* GitUseExample */ = {
			isa = PBXGroup;
			children = (
				D24EDE271765EE7A00E6C69E /* AppDelegate.h */,
				D24EDE281765EE7A00E6C69E /* AppDelegate.m */,
				D24EDE301765EE7A00E6C69E /* MainStoryboard.storyboard */,
				D24EDE331765EE7A00E6C69E /* ViewController.h */,
				D24EDE341765EE7A00E6C69E /* ViewController.m */,
				D24EDE1F1765EE7A00E6C69E /* Supporting Files */,
			);
			path = GitUseExample;
			sourceTree = "<group>";
		};
		D24EDE1F1765EE7A00E6C69E /* Supporting Files */ = {
			isa = PBXGroup;
			children = (
				D24EDE201765EE7A00E6C69E /* GitUseExample-Info.plist */,
				D24EDE211765EE7A00E6C69E /* InfoPlist.strings */,
				D24EDE241765EE7A00E6C69E /* main.m */,
				D24EDE261765EE7A00E6C69E /* GitUseExample-Prefix.pch */,
				D24EDE2A1765EE7A00E6C69E /* Default.png */,
				D24EDE2C1765EE7A00E6C69E /* Default@2x.png */,
				D24EDE2E1765EE7A00E6C69E /* Default-568h@2x.png */,
			);
			name = "Supporting Files";
			sourceTree = "<group>";
		};
/* End PBXGroup section */

/* Begin PBXNativeTarget section */
		D24EDE141765EE7A00E6C69E /* GitUseExample */ = {
			isa = PBXNativeTarget;
			buildConfigurationList = D24EDE381765EE7A00E6C69E /* Build configuration list for PBXNativeTarget "GitUseExample" */;
			buildPhases = (
				D24EDE111765EE7A00E6C69E /* Sources */,
				D24EDE121765EE7A00E6C69E /* Frameworks */,
				D24EDE131765EE7A00E6C69E /* Resources */,
			);
			buildRules = (
			);
			dependencies = (
			);
			name = GitUseExample;
			productName = GitUseExample;
			productReference = D24EDE151765EE7A00E6C69E /* GitUseExample.app */;
			productType = "com.apple.product-type.application";
		};
/* End PBXNativeTarget section */

/* Begin PBXProject section */
		D24EDE0D1765EE7900E6C69E /* Project object */ = {
			isa = PBXProject;
			attributes = {
				LastUpgradeCheck = 0460;
				ORGANIZATIONNAME = "Roie Cohen - Appstein";
			};
			buildConfigurationList = D24EDE101765EE7900E6C69E /* Build configuration list for PBXProject "GitUseExample" */;
			compatibilityVersion = "Xcode 3.2";
			developmentRegion = English;
			hasScannedForEncodings = 0;
			knownRegions = (
				en,
			);
			mainGroup = D24EDE0C1765EE7900E6C69E;
			productRefGroup = D24EDE161765EE7A00E6C69E /* Products */;
			projectDirPath = "";
			projectRoot = "";
			targets = (
				D24EDE141765EE7A00E6C69E /* GitUseExample */,
			);
		};
/* End PBXProject section */

/* Begin PBXResourcesBuildPhase section */
		D24EDE131765EE7A00E6C69E /* Resources */ = {
			isa = PBXResourcesBuildPhase;
			buildActionMask = 2147483647;
			files = (
				D24EDE231765EE7A00E6C69E /* InfoPlist.strings in Resources */,
				D24EDE2B1765EE7A00E6C69E /* Default.png in Resources */,
				D24EDE2D1765EE7A00E6C69E /* Default@2x.png in Resources */,
				D24EDE2F1765EE7A00E6C69E /* Default-568h@2x.png in Resources */,
				D24EDE321765EE7A00E6C69E /* MainStoryboard.storyboard in Resources */,
			);
			runOnlyForDeploymentPostprocessing = 0;
		};
/* End PBXResourcesBuildPhase section */

/* Begin PBXSourcesBuildPhase section */
		D24EDE111765EE7A00E6C69E /* Sources */ = {
			isa = PBXSourcesBuildPhase;
			buildActionMask = 2147483647;
			files = (
				D24EDE251765EE7A00E6C69E /* main.m in Sources */,
				D24EDE291765EE7A00E6C69E /* AppDelegate.m in Sources */,
				D24EDE351765EE7A00E6C69E /* ViewController.m in Sources */,
			);
			runOnlyForDeploymentPostprocessing = 0;
		};
/* End PBXSourcesBuildPhase section */

/* Begin PBXVariantGroup section */
		D24EDE211765EE7A00E6C69E /* InfoPlist.strings */ = {
			isa = PBXVariantGroup;
			children = (
				D24EDE221765EE7A00E6C69E /* en */,
			);
			name = InfoPlist.strings;
			sourceTree = "<group>";
		};
		D24EDE301765EE7A00E6C69E /* MainStoryboard.storyboard */ = {
			isa = PBXVariantGroup;
			children = (
				D24EDE311765EE7A00E6C69E /* en */,
			);
			name = MainStoryboard.storyboard;
			sourceTree = "<group>";
		};
/* End PBXVariantGroup section */

/* Begin XCBuildConfiguration section */
		D24EDE361765EE7A00E6C69E /* Debug */ = {
			isa = XCBuildConfiguration;
			buildSettings = {
				ALWAYS_SEARCH_USER_PATHS = NO;
				CLANG_CXX_LANGUAGE_STANDARD = "gnu++0x";
				CLANG_CXX_LIBRARY = "libc++";
				CLANG_ENABLE_OBJC_ARC = YES;
				CLANG_WARN_CONSTANT_CONVERSION = YES;
				CLANG_WARN_EMPTY_BODY = YES;
				CLANG_WARN_ENUM_CONVERSION = YES;
				CLANG_WARN_INT_CONVERSION = YES;
				CLANG_WARN__DUPLICATE_METHOD_MATCH = YES;
				"CODE_SIGN_IDENTITY[sdk=iphoneos*]" = "iPhone Developer";
				COPY_PHASE_STRIP = NO;
				GCC_C_LANGUAGE_STANDARD = gnu99;
				GCC_DYNAMIC_NO_PIC = NO;
				GCC_OPTIMIZATION_LEVEL = 0;
				GCC_PREPROCESSOR_DEFINITIONS = (
					"DEBUG=1",
					"$(inherited)",
				);
				GCC_SYMBOLS_PRIVATE_EXTERN = NO;
				GCC_WARN_ABOUT_RETURN_TYPE = YES;
				GCC_WARN_UNINITIALIZED_AUTOS = YES;
				GCC_WARN_UNUSED_VARIABLE = YES;
				IPHONEOS_DEPLOYMENT_TARGET = 6.1;
				ONLY_ACTIVE_ARCH = YES;
				SDKROOT = iphoneos;
			};
			name = Debug;
		};
		D24EDE371765EE7A00E6C69E /* Release */ = {
			isa = XCBuildConfiguration;
			buildSettings = {
				ALWAYS_SEARCH_USER_PATHS = NO;
				CLANG_CXX_LANGUAGE_STANDARD = "gnu++0x";
				CLANG_CXX_LIBRARY = "libc++";
				CLANG_ENABLE_OBJC_ARC = YES;
				CLANG_WARN_CONSTANT_CONVERSION = YES;
				CLANG_WARN_EMPTY_BODY = YES;
				CLANG_WARN_ENUM_CONVERSION = YES;
				CLANG_WARN_INT_CONVERSION = YES;
				CLANG_WARN__DUPLICATE_METHOD_MATCH = YES;
				"CODE_SIGN_IDENTITY[sdk=iphoneos*]" = "iPhone Developer";
				COPY_PHASE_STRIP = YES;
				GCC_C_LANGUAGE_STANDARD = gnu99;
				GCC_WARN_ABOUT_RETURN_TYPE = YES;
				GCC_WARN_UNINITIALIZED_AUTOS = YES;
				GCC_WARN_UNUSED_VARIABLE = YES;
				IPHONEOS_DEPLOYMENT_TARGET = 6.1;
				OTHER_CFLAGS = "-DNS_BLOCK_ASSERTIONS=1";
				SDKROOT = iphoneos;
				VALIDATE_PRODUCT = YES;
			};
			name = Release;
		};
		D24EDE391765EE7A00E6C69E /* Debug */ = {
			isa = XCBuildConfiguration;
			buildSettings = {
				GCC_PRECOMPILE_PREFIX_HEADER = YES;
				GCC_PREFIX_HEADER = "GitUseExample/GitUseExample-Prefix.pch";
				INFOPLIST_FILE = "GitUseExample/GitUseExample-Info.plist";
				PRODUCT_NAME = "$(TARGET_NAME)";
				WRAPPER_EXTENSION = app;
			};
			name = Debug;
		};
		D24EDE3A1765EE7A00E6C69E /* Release */ = {
			isa = XCBuildConfiguration;
			buildSettings = {
				GCC_PRECOMPILE_PREFIX_HEADER = YES;
				GCC_PREFIX_HEADER = "GitUseExample/GitUseExample-Prefix.pch";
				INFOPLIST_FILE = "GitUseExample/GitUseExample-Info.plist";
				PRODUCT_NAME = "$(TARGET_NAME)";
				WRAPPER_EXTENSION = app;
			};
			name = Release;
		};
/* End XCBuildConfiguration section */

/* Begin XCConfigurationList section */
		D24EDE101765EE7900E6C69E /* Build configuration list for PBXProject "GitUseExample" */ = {
			isa = XCConfigurationList;
			buildConfigurations = (
				D24EDE361765EE7A00E6C69E /* Debug */,
				D24EDE371765EE7A00E6C69E /* Release */,
			);
			defaultConfigurationIsVisible = 0;
			defaultConfigurationName = Release;
		};
		D24EDE381765EE7A00E6C69E /* Build configuration list for PBXNativeTarget "GitUseExample" */ = {
			isa = XCConfigurationList;
			buildConfigurations = (
				D24EDE391765EE7A00E6C69E /* Debug */,
				D24EDE3A1765EE7A00E6C69E /* Release */,
			);
			defaultConfigurationIsVisible = 0;
		};
/* End XCConfigurationList section */
	};
	rootObject = D24EDE0D1765EE7900E6C69E /* Project object */;
}
